
Microsoft Visual Studio Solution File, Format Version 12.00
# Visual Studio Version 17
VisualStudioVersion = 17.8.34525.116
MinimumVisualStudioVersion = 10.0.40219.1
Project("{FAE04EC0-301F-11D3-BF4B-00C04F79EFBC}") = "EFPlakApp", "EFPlakApp\EFPlakApp.csproj", "{F4B9D898-3780-49E8-9177-29D976EDF6EB}"
EndProject
Global
	GlobalSection(SolutionConfigurationPlatforms) = preSolution
		Debug|Any CPU = Debug|Any CPU
		Release|Any CPU = Release|Any CPU
	EndGlobalSection
	GlobalSection(ProjectConfigurationPlatforms) = postSolution
		{F4B9D898-3780-49E8-9177-29D976EDF6EB}.Debug|Any CPU.ActiveCfg = Debug|Any CPU
		{F4B9D898-3780-49E8-9177-29D976EDF6EB}.Debug|Any CPU.Build.0 = Debug|Any CPU
		{F4B9D898-3780-49E8-9177-29D976EDF6EB}.Release|Any CPU.ActiveCfg = Release|Any CPU
		{F4B9D898-3780-49E8-9177-29D976EDF6EB}.Release|Any CPU.Build.0 = Release|Any CPU
	EndGlobalSection
	GlobalSection(SolutionProperties) = preSolution
		HideSolutionNode = FALSE
	EndGlobalSection
	GlobalSection(ExtensibilityGlobals) = postSolution
		SolutionGuid = {9E1420C1-6EBD-4453-9171-8FEBF5F166F2}
	EndGlobalSection
EndGlobal
